
Microsoft Visual Studio Solution File, Format Version 12.00
# Visual Studio Version 16
VisualStudioVersion = 16.0.30611.23
MinimumVisualStudioVersion = 10.0.40219.1
Project("{FAE04EC0-301F-11D3-BF4B-00C04F79EFBC}") = "DatabaseModel", "Pozoriste\DatabaseModel.csproj", "{4991F79B-2DB5-43C1-AE8C-AB3C60B205BE}"
EndProject
Project("{FAE04EC0-301F-11D3-BF4B-00C04F79EFBC}") = "UI", "UI\UI.csproj", "{B4A2BB6D-273A-439C-A51D-718A5168BBEF}"
EndProject
Global
	GlobalSection(SolutionConfigurationPlatforms) = preSolution
		Debug|Any CPU = Debug|Any CPU
		Debug|x86 = Debug|x86
		Release|Any CPU = Release|Any CPU
		Release|x86 = Release|x86
	EndGlobalSection
	GlobalSection(ProjectConfigurationPlatforms) = postSolution
		{4991F79B-2DB5-43C1-AE8C-AB3C60B205BE}.Debug|Any CPU.ActiveCfg = Debug|Any CPU
		{4991F79B-2DB5-43C1-AE8C-AB3C60B205BE}.Debug|Any CPU.Build.0 = Debug|Any CPU
		{4991F79B-2DB5-43C1-AE8C-AB3C60B205BE}.Debug|x86.ActiveCfg = Release|Any CPU
		{4991F79B-2DB5-43C1-AE8C-AB3C60B205BE}.Debug|x86.Build.0 = Release|Any CPU
		{4991F79B-2DB5-43C1-AE8C-AB3C60B205BE}.Release|Any CPU.ActiveCfg = Release|Any CPU
		{4991F79B-2DB5-43C1-AE8C-AB3C60B205BE}.Release|Any CPU.Build.0 = Release|Any CPU
		{4991F79B-2DB5-43C1-AE8C-AB3C60B205BE}.Release|x86.ActiveCfg = Release|x86
		{4991F79B-2DB5-43C1-AE8C-AB3C60B205BE}.Release|x86.Build.0 = Release|x86
		{B4A2BB6D-273A-439C-A51D-718A5168BBEF}.Debug|Any CPU.ActiveCfg = Debug|Any CPU
		{B4A2BB6D-273A-439C-A51D-718A5168BBEF}.Debug|Any CPU.Build.0 = Debug|Any CPU
		{B4A2BB6D-273A-439C-A51D-718A5168BBEF}.Debug|x86.ActiveCfg = Release|Any CPU
		{B4A2BB6D-273A-439C-A51D-718A5168BBEF}.Debug|x86.Build.0 = Release|Any CPU
		{B4A2BB6D-273A-439C-A51D-718A5168BBEF}.Release|Any CPU.ActiveCfg = Release|Any CPU
		{B4A2BB6D-273A-439C-A51D-718A5168BBEF}.Release|Any CPU.Build.0 = Release|Any CPU
		{B4A2BB6D-273A-439C-A51D-718A5168BBEF}.Release|x86.ActiveCfg = Release|Any CPU
		{B4A2BB6D-273A-439C-A51D-718A5168BBEF}.Release|x86.Build.0 = Release|Any CPU
	EndGlobalSection
	GlobalSection(SolutionProperties) = preSolution
		HideSolutionNode = FALSE
	EndGlobalSection
	GlobalSection(ExtensibilityGlobals) = postSolution
		SolutionGuid = {3A60BE30-8692-4F6F-9387-486EC642FEF0}
	EndGlobalSection
EndGlobal
